// !$*UTF8*$!
{
	archiveVersion = 1;
	classes = {
	};
	objectVersion = 55;
	objects = {

/* Begin PBXBuildFile section */
		0028E18A069BEA286160A365 /* Pods_BinaryRearrangement.framework in Frameworks */ = {isa = PBXBuildFile; fileRef = D1D20A6D9D6089BB5793D80E /* Pods_BinaryRearrangement.framework */; };
		932F8DAE28267EBC003E065E /* CreateOrderViewController.m in Sources */ = {isa = PBXBuildFile; fileRef = 932F8DAD28267EBC003E065E /* CreateOrderViewController.m */; };
		932F8DB1282682FB003E065E /* XMModel.m in Sources */ = {isa = PBXBuildFile; fileRef = 932F8DB0282682FB003E065E /* XMModel.m */; };
		932F8DB4282684AA003E065E /* XMSwiftModel.swift in Sources */ = {isa = PBXBuildFile; fileRef = 932F8DB3282684AA003E065E /* XMSwiftModel.swift */; };
		B6EEE0E3282648C4005F65B7 /* AppDelegate.m in Sources */ = {isa = PBXBuildFile; fileRef = B6EEE0E2282648C4005F65B7 /* AppDelegate.m */; };
		B6EEE0E6282648C4005F65B7 /* SceneDelegate.m in Sources */ = {isa = PBXBuildFile; fileRef = B6EEE0E5282648C4005F65B7 /* SceneDelegate.m */; };
		B6EEE0E9282648C4005F65B7 /* ViewController.m in Sources */ = {isa = PBXBuildFile; fileRef = B6EEE0E8282648C4005F65B7 /* ViewController.m */; };
		B6EEE0EC282648C4005F65B7 /* Main.storyboard in Resources */ = {isa = PBXBuildFile; fileRef = B6EEE0EA282648C4005F65B7 /* Main.storyboard */; };
		B6EEE0EE282648C6005F65B7 /* Assets.xcassets in Resources */ = {isa = PBXBuildFile; fileRef = B6EEE0ED282648C6005F65B7 /* Assets.xcassets */; };
		B6EEE0F1282648C6005F65B7 /* LaunchScreen.storyboard in Resources */ = {isa = PBXBuildFile; fileRef = B6EEE0EF282648C6005F65B7 /* LaunchScreen.storyboard */; };
		B6EEE0F4282648C6005F65B7 /* main.m in Sources */ = {isa = PBXBuildFile; fileRef = B6EEE0F3282648C6005F65B7 /* main.m */; };
/* End PBXBuildFile section */

/* Begin PBXFileReference section */
		1D43C585BCD9F4DD5D729EDE /* Pods-BinaryRearrangement.debug.xcconfig */ = {isa = PBXFileReference; includeInIndex = 1; lastKnownFileType = text.xcconfig; name = "Pods-BinaryRearrangement.debug.xcconfig"; path = "Target Support Files/Pods-BinaryRearrangement/Pods-BinaryRearrangement.debug.xcconfig"; sourceTree = "<group>"; };
		932F8DAC28267EBC003E065E /* CreateOrderViewController.h */ = {isa = PBXFileReference; lastKnownFileType = sourcecode.c.h; path = CreateOrderViewController.h; sourceTree = "<group>"; };
		932F8DAD28267EBC003E065E /* CreateOrderViewController.m */ = {isa = PBXFileReference; lastKnownFileType = sourcecode.c.objc; path = CreateOrderViewController.m; sourceTree = "<group>"; };
		932F8DAF282682FB003E065E /* XMModel.h */ = {isa = PBXFileReference; lastKnownFileType = sourcecode.c.h; path = XMModel.h; sourceTree = "<group>"; };
		932F8DB0282682FB003E065E /* XMModel.m */ = {isa = PBXFileReference; lastKnownFileType = sourcecode.c.objc; path = XMModel.m; sourceTree = "<group>"; };
		932F8DB2282684AA003E065E /* BinaryRearrangement-Bridging-Header.h */ = {isa = PBXFileReference; lastKnownFileType = sourcecode.c.h; path = "BinaryRearrangement-Bridging-Header.h"; sourceTree = "<group>"; };
		932F8DB3282684AA003E065E /* XMSwiftModel.swift */ = {isa = PBXFileReference; lastKnownFileType = sourcecode.swift; path = XMSwiftModel.swift; sourceTree = "<group>"; };
		B6EEE0DE282648C4005F65B7 /* BinaryRearrangement.app */ = {isa = PBXFileReference; explicitFileType = wrapper.application; includeInIndex = 0; path = BinaryRearrangement.app; sourceTree = BUILT_PRODUCTS_DIR; };
		B6EEE0E1282648C4005F65B7 /* AppDelegate.h */ = {isa = PBXFileReference; lastKnownFileType = sourcecode.c.h; path = AppDelegate.h; sourceTree = "<group>"; };
		B6EEE0E2282648C4005F65B7 /* AppDelegate.m */ = {isa = PBXFileReference; lastKnownFileType = sourcecode.c.objc; path = AppDelegate.m; sourceTree = "<group>"; };
		B6EEE0E4282648C4005F65B7 /* SceneDelegate.h */ = {isa = PBXFileReference; lastKnownFileType = sourcecode.c.h; path = SceneDelegate.h; sourceTree = "<group>"; };
		B6EEE0E5282648C4005F65B7 /* SceneDelegate.m */ = {isa = PBXFileReference; lastKnownFileType = sourcecode.c.objc; path = SceneDelegate.m; sourceTree = "<group>"; };
		B6EEE0E7282648C4005F65B7 /* ViewController.h */ = {isa = PBXFileReference; lastKnownFileType = sourcecode.c.h; path = ViewController.h; sourceTree = "<group>"; };
		B6EEE0E8282648C4005F65B7 /* ViewController.m */ = {isa = PBXFileReference; lastKnownFileType = sourcecode.c.objc; path = ViewController.m; sourceTree = "<group>"; };
		B6EEE0EB282648C4005F65B7 /* Base */ = {isa = PBXFileReference; lastKnownFileType = file.storyboard; name = Base; path = Base.lproj/Main.storyboard; sourceTree = "<group>"; };
		B6EEE0ED282648C6005F65B7 /* Assets.xcassets */ = {isa = PBXFileReference; lastKnownFileType = folder.assetcatalog; path = Assets.xcassets; sourceTree = "<group>"; };
		B6EEE0F0282648C6005F65B7 /* Base */ = {isa = PBXFileReference; lastKnownFileType = file.storyboard; name = Base; path = Base.lproj/LaunchScreen.storyboard; sourceTree = "<group>"; };
		B6EEE0F2282648C6005F65B7 /* Info.plist */ = {isa = PBXFileReference; lastKnownFileType = text.plist.xml; path = Info.plist; sourceTree = "<group>"; };
		B6EEE0F3282648C6005F65B7 /* main.m */ = {isa = PBXFileReference; lastKnownFileType = sourcecode.c.objc; path = main.m; sourceTree = "<group>"; };
		D1D20A6D9D6089BB5793D80E /* Pods_BinaryRearrangement.framework */ = {isa = PBXFileReference; explicitFileType = wrapper.framework; includeInIndex = 0; path = Pods_BinaryRearrangement.framework; sourceTree = BUILT_PRODUCTS_DIR; };
		EBED2C2E216E393124D2BADF /* Pods-BinaryRearrangement.release.xcconfig */ = {isa = PBXFileReference; includeInIndex = 1; lastKnownFileType = text.xcconfig; name = "Pods-BinaryRearrangement.release.xcconfig"; path = "Target Support Files/Pods-BinaryRearrangement/Pods-BinaryRearrangement.release.xcconfig"; sourceTree = "<group>"; };
/* End PBXFileReference section */

/* Begin PBXFrameworksBuildPhase section */
		B6EEE0DB282648C4005F65B7 /* Frameworks */ = {
			isa = PBXFrameworksBuildPhase;
			buildActionMask = 2147483647;
			files = (
				0028E18A069BEA286160A365 /* Pods_BinaryRearrangement.framework in Frameworks */,
			);
			runOnlyForDeploymentPostprocessing = 0;
		};
/* End PBXFrameworksBuildPhase section */

/* Begin PBXGroup section */
		61EE685AE9196BD8974593E8 /* Pods */ = {
			isa = PBXGroup;
			children = (
				1D43C585BCD9F4DD5D729EDE /* Pods-BinaryRearrangement.debug.xcconfig */,
				EBED2C2E216E393124D2BADF /* Pods-BinaryRearrangement.release.xcconfig */,
			);
			path = Pods;
			sourceTree = "<group>";
		};
		932F8DAB28267E57003E065E /* CreateOrder */ = {
			isa = PBXGroup;
			children = (
				932F8DAC28267EBC003E065E /* CreateOrderViewController.h */,
				932F8DAD28267EBC003E065E /* CreateOrderViewController.m */,
				932F8DAF282682FB003E065E /* XMModel.h */,
				932F8DB0282682FB003E065E /* XMModel.m */,
				932F8DB3282684AA003E065E /* XMSwiftModel.swift */,
				932F8DB2282684AA003E065E /* BinaryRearrangement-Bridging-Header.h */,
			);
			path = CreateOrder;
			sourceTree = "<group>";
		};
		B6EEE0D5282648C4005F65B7 = {
			isa = PBXGroup;
			children = (
				B6EEE0E0282648C4005F65B7 /* BinaryRearrangement */,
				B6EEE0DF282648C4005F65B7 /* Products */,
				61EE685AE9196BD8974593E8 /* Pods */,
				BE66677504C4F011D500B114 /* Frameworks */,
			);
			sourceTree = "<group>";
		};
		B6EEE0DF282648C4005F65B7 /* Products */ = {
			isa = PBXGroup;
			children = (
				B6EEE0DE282648C4005F65B7 /* BinaryRearrangement.app */,
			);
			name = Products;
			sourceTree = "<group>";
		};
		B6EEE0E0282648C4005F65B7 /* BinaryRearrangement */ = {
			isa = PBXGroup;
			children = (
				B6EEE0E1282648C4005F65B7 /* AppDelegate.h */,
				B6EEE0E2282648C4005F65B7 /* AppDelegate.m */,
				B6EEE0E4282648C4005F65B7 /* SceneDelegate.h */,
				B6EEE0E5282648C4005F65B7 /* SceneDelegate.m */,
				B6EEE0E7282648C4005F65B7 /* ViewController.h */,
				B6EEE0E8282648C4005F65B7 /* ViewController.m */,
				932F8DAB28267E57003E065E /* CreateOrder */,
				B6EEE0EA282648C4005F65B7 /* Main.storyboard */,
				B6EEE0ED282648C6005F65B7 /* Assets.xcassets */,
				B6EEE0EF282648C6005F65B7 /* LaunchScreen.storyboard */,
				B6EEE0F2282648C6005F65B7 /* Info.plist */,
				B6EEE0F3282648C6005F65B7 /* main.m */,
			);
			path = BinaryRearrangement;
			sourceTree = "<group>";
		};
		BE66677504C4F011D500B114 /* Frameworks */ = {
			isa = PBXGroup;
			children = (
				D1D20A6D9D6089BB5793D80E /* Pods_BinaryRearrangement.framework */,
			);
			name = Frameworks;
			sourceTree = "<group>";
		};
/* End PBXGroup section */

/* Begin PBXNativeTarget section */
		B6EEE0DD282648C4005F65B7 /* BinaryRearrangement */ = {
			isa = PBXNativeTarget;
			buildConfigurationList = B6EEE0F7282648C6005F65B7 /* Build configuration list for PBXNativeTarget "BinaryRearrangement" */;
			buildPhases = (
				0DA0EECEB18730D9CF344A00 /* [CP] Check Pods Manifest.lock */,
				B6EEE0DA282648C4005F65B7 /* Sources */,
				B6EEE0DB282648C4005F65B7 /* Frameworks */,
				B6EEE0DC282648C4005F65B7 /* Resources */,
			);
			buildRules = (
			);
			dependencies = (
			);
			name = BinaryRearrangement;
			productName = BinaryRearrangement;
			productReference = B6EEE0DE282648C4005F65B7 /* BinaryRearrangement.app */;
			productType = "com.apple.product-type.application";
		};
/* End PBXNativeTarget section */

/* Begin PBXProject section */
		B6EEE0D6282648C4005F65B7 /* Project object */ = {
			isa = PBXProject;
			attributes = {
				BuildIndependentTargetsInParallel = 1;
				LastUpgradeCheck = 1310;
				TargetAttributes = {
					B6EEE0DD282648C4005F65B7 = {
						CreatedOnToolsVersion = 13.1;
						LastSwiftMigration = 1320;
					};
				};
			};
			buildConfigurationList = B6EEE0D9282648C4005F65B7 /* Build configuration list for PBXProject "BinaryRearrangement" */;
			compatibilityVersion = "Xcode 13.0";
			developmentRegion = en;
			hasScannedForEncodings = 0;
			knownRegions = (
				en,
				Base,
			);
			mainGroup = B6EEE0D5282648C4005F65B7;
			productRefGroup = B6EEE0DF282648C4005F65B7 /* Products */;
			projectDirPath = "";
			projectRoot = "";
			targets = (
				B6EEE0DD282648C4005F65B7 /* BinaryRearrangement */,
			);
		};
/* End PBXProject section */

/* Begin PBXResourcesBuildPhase section */
		B6EEE0DC282648C4005F65B7 /* Resources */ = {
			isa = PBXResourcesBuildPhase;
			buildActionMask = 2147483647;
			files = (
				B6EEE0F1282648C6005F65B7 /* LaunchScreen.storyboard in Resources */,
				B6EEE0EE282648C6005F65B7 /* Assets.xcassets in Resources */,
				B6EEE0EC282648C4005F65B7 /* Main.storyboard in Resources */,
			);
			runOnlyForDeploymentPostprocessing = 0;
		};
/* End PBXResourcesBuildPhase section */

/* Begin PBXShellScriptBuildPhase section */
		0DA0EECEB18730D9CF344A00 /* [CP] Check Pods Manifest.lock */ = {
			isa = PBXShellScriptBuildPhase;
			buildActionMask = 2147483647;
			files = (
			);
			inputFileListPaths = (
			);
			inputPaths = (
				"${PODS_PODFILE_DIR_PATH}/Podfile.lock",
				"${PODS_ROOT}/Manifest.lock",
			);
			name = "[CP] Check Pods Manifest.lock";
			outputFileListPaths = (
			);
			outputPaths = (
				"$(DERIVED_FILE_DIR)/Pods-BinaryRearrangement-checkManifestLockResult.txt",
			);
			runOnlyForDeploymentPostprocessing = 0;
			shellPath = /bin/sh;
			shellScript = "diff \"${PODS_PODFILE_DIR_PATH}/Podfile.lock\" \"${PODS_ROOT}/Manifest.lock\" > /dev/null\nif [ $? != 0 ] ; then\n    # print error to STDERR\n    echo \"error: The sandbox is not in sync with the Podfile.lock. Run 'pod install' or update your CocoaPods installation.\" >&2\n    exit 1\nfi\n# This output is used by Xcode 'outputs' to avoid re-running this script phase.\necho \"SUCCESS\" > \"${SCRIPT_OUTPUT_FILE_0}\"\n";
			showEnvVarsInLog = 0;
		};
/* End PBXShellScriptBuildPhase section */

/* Begin PBXSourcesBuildPhase section */
		B6EEE0DA282648C4005F65B7 /* Sources */ = {
			isa = PBXSourcesBuildPhase;
			buildActionMask = 2147483647;
			files = (
				932F8DAE28267EBC003E065E /* CreateOrderViewController.m in Sources */,
				B6EEE0E9282648C4005F65B7 /* ViewController.m in Sources */,
				B6EEE0E3282648C4005F65B7 /* AppDelegate.m in Sources */,
				B6EEE0F4282648C6005F65B7 /* main.m in Sources */,
				932F8DB1282682FB003E065E /* XMModel.m in Sources */,
				932F8DB4282684AA003E065E /* XMSwiftModel.swift in Sources */,
				B6EEE0E6282648C4005F65B7 /* SceneDelegate.m in Sources */,
			);
			runOnlyForDeploymentPostprocessing = 0;
		};
/* End PBXSourcesBuildPhase section */

/* Begin PBXVariantGroup section */
		B6EEE0EA282648C4005F65B7 /* Main.storyboard */ = {
			isa = PBXVariantGroup;
			children = (
				B6EEE0EB282648C4005F65B7 /* Base */,
			);
			name = Main.storyboard;
			sourceTree = "<group>";
		};
		B6EEE0EF282648C6005F65B7 /* LaunchScreen.storyboard */ = {
			isa = PBXVariantGroup;
			children = (
				B6EEE0F0282648C6005F65B7 /* Base */,
			);
			name = LaunchScreen.storyboard;
			sourceTree = "<group>";
		};
/* End PBXVariantGroup section */

/* Begin XCBuildConfiguration section */
		B6EEE0F5282648C6005F65B7 /* Debug */ = {
			isa = XCBuildConfiguration;
			buildSettings = {
				ALWAYS_SEARCH_USER_PATHS = NO;
				CLANG_ANALYZER_NONNULL = YES;
				CLANG_ANALYZER_NUMBER_OBJECT_CONVERSION = YES_AGGRESSIVE;
				CLANG_CXX_LANGUAGE_STANDARD = "gnu++17";
				CLANG_CXX_LIBRARY = "libc++";
				CLANG_ENABLE_MODULES = YES;
				CLANG_ENABLE_OBJC_ARC = YES;
				CLANG_ENABLE_OBJC_WEAK = YES;
				CLANG_WARN_BLOCK_CAPTURE_AUTORELEASING = YES;
				CLANG_WARN_BOOL_CONVERSION = YES;
				CLANG_WARN_COMMA = YES;
				CLANG_WARN_CONSTANT_CONVERSION = YES;
				CLANG_WARN_DEPRECATED_OBJC_IMPLEMENTATIONS = YES;
				CLANG_WARN_DIRECT_OBJC_ISA_USAGE = YES_ERROR;
				CLANG_WARN_DOCUMENTATION_COMMENTS = YES;
				CLANG_WARN_EMPTY_BODY = YES;
				CLANG_WARN_ENUM_CONVERSION = YES;
				CLANG_WARN_INFINITE_RECURSION = YES;
				CLANG_WARN_INT_CONVERSION = YES;
				CLANG_WARN_NON_LITERAL_NULL_CONVERSION = YES;
				CLANG_WARN_OBJC_IMPLICIT_RETAIN_SELF = YES;
				CLANG_WARN_OBJC_LITERAL_CONVERSION = YES;
				CLANG_WARN_OBJC_ROOT_CLASS = YES_ERROR;
				CLANG_WARN_QUOTED_INCLUDE_IN_FRAMEWORK_HEADER = YES;
				CLANG_WARN_RANGE_LOOP_ANALYSIS = YES;
				CLANG_WARN_STRICT_PROTOTYPES = YES;
				CLANG_WARN_SUSPICIOUS_MOVE = YES;
				CLANG_WARN_UNGUARDED_AVAILABILITY = YES_AGGRESSIVE;
				CLANG_WARN_UNREACHABLE_CODE = YES;
				CLANG_WARN__DUPLICATE_METHOD_MATCH = YES;
				COPY_PHASE_STRIP = NO;
				DEBUG_INFORMATION_FORMAT = dwarf;
				ENABLE_STRICT_OBJC_MSGSEND = YES;
				ENABLE_TESTABILITY = YES;
				GCC_C_LANGUAGE_STANDARD = gnu11;
				GCC_DYNAMIC_NO_PIC = NO;
				GCC_NO_COMMON_BLOCKS = YES;
				GCC_OPTIMIZATION_LEVEL = 0;
				GCC_PREPROCESSOR_DEFINITIONS = (
					"DEBUG=1",
					"$(inherited)",
				);
				GCC_WARN_64_TO_32_BIT_CONVERSION = YES;
				GCC_WARN_ABOUT_RETURN_TYPE = YES_ERROR;
				GCC_WARN_UNDECLARED_SELECTOR = YES;
				GCC_WARN_UNINITIALIZED_AUTOS = YES_AGGRESSIVE;
				GCC_WARN_UNUSED_FUNCTION = YES;
				GCC_WARN_UNUSED_VARIABLE = YES;
				IPHONEOS_DEPLOYMENT_TARGET = 15.0;
				MTL_ENABLE_DEBUG_INFO = INCLUDE_SOURCE;
				MTL_FAST_MATH = YES;
				ONLY_ACTIVE_ARCH = YES;
				SDKROOT = iphoneos;
			};
			name = Debug;
		};
		B6EEE0F6282648C6005F65B7 /* Release */ = {
			isa = XCBuildConfiguration;
			buildSettings = {
				ALWAYS_SEARCH_USER_PATHS = NO;
				CLANG_ANALYZER_NONNULL = YES;
				CLANG_ANALYZER_NUMBER_OBJECT_CONVERSION = YES_AGGRESSIVE;
				CLANG_CXX_LANGUAGE_STANDARD = "gnu++17";
				CLANG_CXX_LIBRARY = "libc++";
				CLANG_ENABLE_MODULES = YES;
				CLANG_ENABLE_OBJC_ARC = YES;
				CLANG_ENABLE_OBJC_WEAK = YES;
				CLANG_WARN_BLOCK_CAPTURE_AUTORELEASING = YES;
				CLANG_WARN_BOOL_CONVERSION = YES;
				CLANG_WARN_COMMA = YES;
				CLANG_WARN_CONSTANT_CONVERSION = YES;
				CLANG_WARN_DEPRECATED_OBJC_IMPLEMENTATIONS = YES;
				CLANG_WARN_DIRECT_OBJC_ISA_USAGE = YES_ERROR;
				CLANG_WARN_DOCUMENTATION_COMMENTS = YES;
				CLANG_WARN_EMPTY_BODY = YES;
				CLANG_WARN_ENUM_CONVERSION = YES;
				CLANG_WARN_INFINITE_RECURSION = YES;
				CLANG_WARN_INT_CONVERSION = YES;
				CLANG_WARN_NON_LITERAL_NULL_CONVERSION = YES;
				CLANG_WARN_OBJC_IMPLICIT_RETAIN_SELF = YES;
				CLANG_WARN_OBJC_LITERAL_CONVERSION = YES;
				CLANG_WARN_OBJC_ROOT_CLASS = YES_ERROR;
				CLANG_WARN_QUOTED_INCLUDE_IN_FRAMEWORK_HEADER = YES;
				CLANG_WARN_RANGE_LOOP_ANALYSIS = YES;
				CLANG_WARN_STRICT_PROTOTYPES = YES;
				CLANG_WARN_SUSPICIOUS_MOVE = YES;
				CLANG_WARN_UNGUARDED_AVAILABILITY = YES_AGGRESSIVE;
				CLANG_WARN_UNREACHABLE_CODE = YES;
				CLANG_WARN__DUPLICATE_METHOD_MATCH = YES;
				COPY_PHASE_STRIP = NO;
				DEBUG_INFORMATION_FORMAT = "dwarf-with-dsym";
				ENABLE_NS_ASSERTIONS = NO;
				ENABLE_STRICT_OBJC_MSGSEND = YES;
				GCC_C_LANGUAGE_STANDARD = gnu11;
				GCC_NO_COMMON_BLOCKS = YES;
				GCC_WARN_64_TO_32_BIT_CONVERSION = YES;
				GCC_WARN_ABOUT_RETURN_TYPE = YES_ERROR;
				GCC_WARN_UNDECLARED_SELECTOR = YES;
				GCC_WARN_UNINITIALIZED_AUTOS = YES_AGGRESSIVE;
				GCC_WARN_UNUSED_FUNCTION = YES;
				GCC_WARN_UNUSED_VARIABLE = YES;
				IPHONEOS_DEPLOYMENT_TARGET = 15.0;
				MTL_ENABLE_DEBUG_INFO = NO;
				MTL_FAST_MATH = YES;
				SDKROOT = iphoneos;
				VALIDATE_PRODUCT = YES;
			};
			name = Release;
		};
		B6EEE0F8282648C6005F65B7 /* Debug */ = {
			isa = XCBuildConfiguration;
			baseConfigurationReference = 1D43C585BCD9F4DD5D729EDE /* Pods-BinaryRearrangement.debug.xcconfig */;
			buildSettings = {
				ASSETCATALOG_COMPILER_APPICON_NAME = AppIcon;
				ASSETCATALOG_COMPILER_GLOBAL_ACCENT_COLOR_NAME = AccentColor;
				CLANG_ENABLE_MODULES = YES;
				CODE_SIGN_STYLE = Automatic;
				CURRENT_PROJECT_VERSION = 1;
				DEVELOPMENT_TEAM = PM4B9EWD95;
				GENERATE_INFOPLIST_FILE = YES;
				INFOPLIST_FILE = BinaryRearrangement/Info.plist;
				INFOPLIST_KEY_UIApplicationSupportsIndirectInputEvents = YES;
				INFOPLIST_KEY_UILaunchStoryboardName = LaunchScreen;
				INFOPLIST_KEY_UIMainStoryboardFile = Main;
				INFOPLIST_KEY_UISupportedInterfaceOrientations_iPad = "UIInterfaceOrientationPortrait UIInterfaceOrientationPortraitUpsideDown UIInterfaceOrientationLandscapeLeft UIInterfaceOrientationLandscapeRight";
				INFOPLIST_KEY_UISupportedInterfaceOrientations_iPhone = "UIInterfaceOrientationPortrait UIInterfaceOrientationLandscapeLeft UIInterfaceOrientationLandscapeRight";
				IPHONEOS_DEPLOYMENT_TARGET = 13.0;
				LD_GENERATE_MAP_FILE = YES;
				LD_RUNPATH_SEARCH_PATHS = (
					"$(inherited)",
					"@executable_path/Frameworks",
				);
				MARKETING_VERSION = 1.0;
				ORDER_FILE = ./reset.order;
				OTHER_CFLAGS = "-fsanitize-coverage=func,trace-pc-guard";
				OTHER_SWIFT_FLAGS = "-sanitize-coverage=func -sanitize=undefined";
				PRODUCT_BUNDLE_IDENTIFIER = xmly.BinaryRearrangement;
				PRODUCT_NAME = "$(TARGET_NAME)";
				SWIFT_EMIT_LOC_STRINGS = YES;
				SWIFT_OBJC_BRIDGING_HEADER = "BinaryRearrangement/CreateOrder/BinaryRearrangement-Bridging-Header.h";
				SWIFT_OPTIMIZATION_LEVEL = "-Onone";
				SWIFT_VERSION = 5.0;
				TARGETED_DEVICE_FAMILY = "1,2";
			};
			name = Debug;
		};
		B6EEE0F9282648C6005F65B7 /* Release */ = {
			isa = XCBuildConfiguration;
			baseConfigurationReference = EBED2C2E216E393124D2BADF /* Pods-BinaryRearrangement.release.xcconfig */;
			buildSettings = {
				ASSETCATALOG_COMPILER_APPICON_NAME = AppIcon;
				ASSETCATALOG_COMPILER_GLOBAL_ACCENT_COLOR_NAME = AccentColor;
				CLANG_ENABLE_MODULES = YES;
				CODE_SIGN_STYLE = Automatic;
				CURRENT_PROJECT_VERSION = 1;
				DEVELOPMENT_TEAM = PM4B9EWD95;
				GENERATE_INFOPLIST_FILE = YES;
				INFOPLIST_FILE = BinaryRearrangement/Info.plist;
				INFOPLIST_KEY_UIApplicationSupportsIndirectInputEvents = YES;
				INFOPLIST_KEY_UILaunchStoryboardName = LaunchScreen;
				INFOPLIST_KEY_UIMainStoryboardFile = Main;
				INFOPLIST_KEY_UISupportedInterfaceOrientations_iPad = "UIInterfaceOrientationPortrait UIInterfaceOrientationPortraitUpsideDown UIInterfaceOrientationLandscapeLeft UIInterfaceOrientationLandscapeRight";
				INFOPLIST_KEY_UISupportedInterfaceOrientations_iPhone = "UIInterfaceOrientationPortrait UIInterfaceOrientationLandscapeLeft UIInterfaceOrientationLandscapeRight";
				IPHONEOS_DEPLOYMENT_TARGET = 13.0;
				LD_GENERATE_MAP_FILE = YES;
				LD_RUNPATH_SEARCH_PATHS = (
					"$(inherited)",
					"@executable_path/Frameworks",
				);
				MARKETING_VERSION = 1.0;
				ORDER_FILE = ./reset.order;
				OTHER_CFLAGS = "-fsanitize-coverage=func,trace-pc-guard";
				OTHER_SWIFT_FLAGS = "-sanitize-coverage=func -sanitize=undefined";
				PRODUCT_BUNDLE_IDENTIFIER = xmly.BinaryRearrangement;
				PRODUCT_NAME = "$(TARGET_NAME)";
				SWIFT_EMIT_LOC_STRINGS = YES;
				SWIFT_OBJC_BRIDGING_HEADER = "BinaryRearrangement/CreateOrder/BinaryRearrangement-Bridging-Header.h";
				SWIFT_VERSION = 5.0;
				TARGETED_DEVICE_FAMILY = "1,2";
			};
			name = Release;
		};
/* End XCBuildConfiguration section */

/* Begin XCConfigurationList section */
		B6EEE0D9282648C4005F65B7 /* Build configuration list for PBXProject "BinaryRearrangement" */ = {
			isa = XCConfigurationList;
			buildConfigurations = (
				B6EEE0F5282648C6005F65B7 /* Debug */,
				B6EEE0F6282648C6005F65B7 /* Release */,
			);
			defaultConfigurationIsVisible = 0;
			defaultConfigurationName = Release;
		};
		B6EEE0F7282648C6005F65B7 /* Build configuration list for PBXNativeTarget "BinaryRearrangement" */ = {
			isa = XCConfigurationList;
			buildConfigurations = (
				B6EEE0F8282648C6005F65B7 /* Debug */,
				B6EEE0F9282648C6005F65B7 /* Release */,
			);
			defaultConfigurationIsVisible = 0;
			defaultConfigurationName = Release;
		};
/* End XCConfigurationList section */
	};
	rootObject = B6EEE0D6282648C4005F65B7 /* Project object */;
}
